// !$*UTF8*$!
{
	archiveVersion = 1;
	classes = {
	};
	objectVersion = 50;
	objects = {

/* Begin PBXBuildFile section */
		257F604B22AF5CE600BC2084 /* AppDelegate.swift in Sources */ = {isa = PBXBuildFile; fileRef = 257F604A22AF5CE600BC2084 /* AppDelegate.swift */; };
		257F604D22AF5CE600BC2084 /* ViewController.swift in Sources */ = {isa = PBXBuildFile; fileRef = 257F604C22AF5CE600BC2084 /* ViewController.swift */; };
		257F605022AF5CE600BC2084 /* Main.storyboard in Resources */ = {isa = PBXBuildFile; fileRef = 257F604E22AF5CE600BC2084 /* Main.storyboard */; };
		257F605222AF5CE700BC2084 /* Assets.xcassets in Resources */ = {isa = PBXBuildFile; fileRef = 257F605122AF5CE700BC2084 /* Assets.xcassets */; };
		257F605522AF5CE700BC2084 /* LaunchScreen.storyboard in Resources */ = {isa = PBXBuildFile; fileRef = 257F605322AF5CE700BC2084 /* LaunchScreen.storyboard */; };
		257F606022AF5CE700BC2084 /* TestingTests.swift in Sources */ = {isa = PBXBuildFile; fileRef = 257F605F22AF5CE700BC2084 /* TestingTests.swift */; };
		257F606B22AF5CE700BC2084 /* TestingUITests.swift in Sources */ = {isa = PBXBuildFile; fileRef = 257F606A22AF5CE700BC2084 /* TestingUITests.swift */; };
/* End PBXBuildFile section */

/* Begin PBXContainerItemProxy section */
		257F605C22AF5CE700BC2084 /* PBXContainerItemProxy */ = {
			isa = PBXContainerItemProxy;
			containerPortal = 257F603F22AF5CE500BC2084 /* Project object */;
			proxyType = 1;
			remoteGlobalIDString = 257F604622AF5CE600BC2084;
			remoteInfo = Testing;
		};
		257F606722AF5CE700BC2084 /* PBXContainerItemProxy */ = {
			isa = PBXContainerItemProxy;
			containerPortal = 257F603F22AF5CE500BC2084 /* Project object */;
			proxyType = 1;
			remoteGlobalIDString = 257F604622AF5CE600BC2084;
			remoteInfo = Testing;
		};
/* End PBXContainerItemProxy section */

/* Begin PBXFileReference section */
		257F604722AF5CE600BC2084 /* Testing.app */ = {isa = PBXFileReference; explicitFileType = wrapper.application; includeInIndex = 0; path = Testing.app; sourceTree = BUILT_PRODUCTS_DIR; };
		257F604A22AF5CE600BC2084 /* AppDelegate.swift */ = {isa = PBXFileReference; lastKnownFileType = sourcecode.swift; path = AppDelegate.swift; sourceTree = "<group>"; };
		257F604C22AF5CE600BC2084 /* ViewController.swift */ = {isa = PBXFileReference; lastKnownFileType = sourcecode.swift; path = ViewController.swift; sourceTree = "<group>"; };
		257F604F22AF5CE600BC2084 /* Base */ = {isa = PBXFileReference; lastKnownFileType = file.storyboard; name = Base; path = Base.lproj/Main.storyboard; sourceTree = "<group>"; };
		257F605122AF5CE700BC2084 /* Assets.xcassets */ = {isa = PBXFileReference; lastKnownFileType = folder.assetcatalog; path = Assets.xcassets; sourceTree = "<group>"; };
		257F605422AF5CE700BC2084 /* Base */ = {isa = PBXFileReference; lastKnownFileType = file.storyboard; name = Base; path = Base.lproj/LaunchScreen.storyboard; sourceTree = "<group>"; };
		257F605622AF5CE700BC2084 /* Info.plist */ = {isa = PBXFileReference; lastKnownFileType = text.plist.xml; path = Info.plist; sourceTree = "<group>"; };
		257F605B22AF5CE700BC2084 /* TestingTests.xctest */ = {isa = PBXFileReference; explicitFileType = wrapper.cfbundle; includeInIndex = 0; path = TestingTests.xctest; sourceTree = BUILT_PRODUCTS_DIR; };
		257F605F22AF5CE700BC2084 /* TestingTests.swift */ = {isa = PBXFileReference; lastKnownFileType = sourcecode.swift; path = TestingTests.swift; sourceTree = "<group>"; };
		257F606122AF5CE700BC2084 /* Info.plist */ = {isa = PBXFileReference; lastKnownFileType = text.plist.xml; path = Info.plist; sourceTree = "<group>"; };
		257F606622AF5CE700BC2084 /* TestingUITests.xctest */ = {isa = PBXFileReference; explicitFileType = wrapper.cfbundle; includeInIndex = 0; path = TestingUITests.xctest; sourceTree = BUILT_PRODUCTS_DIR; };
		257F606A22AF5CE700BC2084 /* TestingUITests.swift */ = {isa = PBXFileReference; lastKnownFileType = sourcecode.swift; path = TestingUITests.swift; sourceTree = "<group>"; };
		257F606C22AF5CE700BC2084 /* Info.plist */ = {isa = PBXFileReference; lastKnownFileType = text.plist.xml; path = Info.plist; sourceTree = "<group>"; };
/* End PBXFileReference section */

/* Begin PBXFrameworksBuildPhase section */
		257F604422AF5CE600BC2084 /* Frameworks */ = {
			isa = PBXFrameworksBuildPhase;
			buildActionMask = 2147483647;
			files = (
			);
			runOnlyForDeploymentPostprocessing = 0;
		};
		257F605822AF5CE700BC2084 /* Frameworks */ = {
			isa = PBXFrameworksBuildPhase;
			buildActionMask = 2147483647;
			files = (
			);
			runOnlyForDeploymentPostprocessing = 0;
		};
		257F606322AF5CE700BC2084 /* Frameworks */ = {
			isa = PBXFrameworksBuildPhase;
			buildActionMask = 2147483647;
			files = (
			);
			runOnlyForDeploymentPostprocessing = 0;
		};
/* End PBXFrameworksBuildPhase section */

/* Begin PBXGroup section */
		257F603E22AF5CE500BC2084 = {
			isa = PBXGroup;
			children = (
				257F604922AF5CE600BC2084 /* Testing */,
				257F605E22AF5CE700BC2084 /* TestingTests */,
				257F606922AF5CE700BC2084 /* TestingUITests */,
				257F604822AF5CE600BC2084 /* Products */,
			);
			sourceTree = "<group>";
		};
		257F604822AF5CE600BC2084 /* Products */ = {
			isa = PBXGroup;
			children = (
				257F604722AF5CE600BC2084 /* Testing.app */,
				257F605B22AF5CE700BC2084 /* TestingTests.xctest */,
				257F606622AF5CE700BC2084 /* TestingUITests.xctest */,
			);
			name = Products;
			sourceTree = "<group>";
		};
		257F604922AF5CE600BC2084 /* Testing */ = {
			isa = PBXGroup;
			children = (
				257F604A22AF5CE600BC2084 /* AppDelegate.swift */,
				257F604C22AF5CE600BC2084 /* ViewController.swift */,
				257F604E22AF5CE600BC2084 /* Main.storyboard */,
				257F605122AF5CE700BC2084 /* Assets.xcassets */,
				257F605322AF5CE700BC2084 /* LaunchScreen.storyboard */,
				257F605622AF5CE700BC2084 /* Info.plist */,
			);
			path = Testing;
			sourceTree = "<group>";
		};
		257F605E22AF5CE700BC2084 /* TestingTests */ = {
			isa = PBXGroup;
			children = (
				257F605F22AF5CE700BC2084 /* TestingTests.swift */,
				257F606122AF5CE700BC2084 /* Info.plist */,
			);
			path = TestingTests;
			sourceTree = "<group>";
		};
		257F606922AF5CE700BC2084 /* TestingUITests */ = {
			isa = PBXGroup;
			children = (
				257F606A22AF5CE700BC2084 /* TestingUITests.swift */,
				257F606C22AF5CE700BC2084 /* Info.plist */,
			);
			path = TestingUITests;
			sourceTree = "<group>";
		};
/* End PBXGroup section */

/* Begin PBXNativeTarget section */
		257F604622AF5CE600BC2084 /* Testing */ = {
			isa = PBXNativeTarget;
			buildConfigurationList = 257F606F22AF5CE700BC2084 /* Build configuration list for PBXNativeTarget "Testing" */;
			buildPhases = (
				257F604322AF5CE600BC2084 /* Sources */,
				257F604422AF5CE600BC2084 /* Frameworks */,
				257F604522AF5CE600BC2084 /* Resources */,
			);
			buildRules = (
			);
			dependencies = (
			);
			name = Testing;
			productName = Testing;
			productReference = 257F604722AF5CE600BC2084 /* Testing.app */;
			productType = "com.apple.product-type.application";
		};
		257F605A22AF5CE700BC2084 /* TestingTests */ = {
			isa = PBXNativeTarget;
			buildConfigurationList = 257F607222AF5CE700BC2084 /* Build configuration list for PBXNativeTarget "TestingTests" */;
			buildPhases = (
				257F605722AF5CE700BC2084 /* Sources */,
				257F605822AF5CE700BC2084 /* Frameworks */,
				257F605922AF5CE700BC2084 /* Resources */,
			);
			buildRules = (
			);
			dependencies = (
				257F605D22AF5CE700BC2084 /* PBXTargetDependency */,
			);
			name = TestingTests;
			productName = TestingTests;
			productReference = 257F605B22AF5CE700BC2084 /* TestingTests.xctest */;
			productType = "com.apple.product-type.bundle.unit-test";
		};
		257F606522AF5CE700BC2084 /* TestingUITests */ = {
			isa = PBXNativeTarget;
			buildConfigurationList = 257F607522AF5CE700BC2084 /* Build configuration list for PBXNativeTarget "TestingUITests" */;
			buildPhases = (
				257F606222AF5CE700BC2084 /* Sources */,
				257F606322AF5CE700BC2084 /* Frameworks */,
				257F606422AF5CE700BC2084 /* Resources */,
			);
			buildRules = (
			);
			dependencies = (
				257F606822AF5CE700BC2084 /* PBXTargetDependency */,
			);
			name = TestingUITests;
			productName = TestingUITests;
			productReference = 257F606622AF5CE700BC2084 /* TestingUITests.xctest */;
			productType = "com.apple.product-type.bundle.ui-testing";
		};
/* End PBXNativeTarget section */

/* Begin PBXProject section */
		257F603F22AF5CE500BC2084 /* Project object */ = {
			isa = PBXProject;
			attributes = {
				LastSwiftUpdateCheck = 1020;
				LastUpgradeCheck = 1020;
				ORGANIZATIONNAME = "Elbert Luta";
				TargetAttributes = {
					257F604622AF5CE600BC2084 = {
						CreatedOnToolsVersion = 10.2.1;
					};
					257F605A22AF5CE700BC2084 = {
						CreatedOnToolsVersion = 10.2.1;
						TestTargetID = 257F604622AF5CE600BC2084;
					};
					257F606522AF5CE700BC2084 = {
						CreatedOnToolsVersion = 10.2.1;
						TestTargetID = 257F604622AF5CE600BC2084;
					};
				};
			};
			buildConfigurationList = 257F604222AF5CE500BC2084 /* Build configuration list for PBXProject "Testing" */;
			compatibilityVersion = "Xcode 9.3";
			developmentRegion = en;
			hasScannedForEncodings = 0;
			knownRegions = (
				en,
				Base,
			);
			mainGroup = 257F603E22AF5CE500BC2084;
			productRefGroup = 257F604822AF5CE600BC2084 /* Products */;
			projectDirPath = "";
			projectRoot = "";
			targets = (
				257F604622AF5CE600BC2084 /* Testing */,
				257F605A22AF5CE700BC2084 /* TestingTests */,
				257F606522AF5CE700BC2084 /* TestingUITests */,
			);
		};
/* End PBXProject section */

/* Begin PBXResourcesBuildPhase section */
		257F604522AF5CE600BC2084 /* Resources */ = {
			isa = PBXResourcesBuildPhase;
			buildActionMask = 2147483647;
			files = (
				257F605522AF5CE700BC2084 /* LaunchScreen.storyboard in Resources */,
				257F605222AF5CE700BC2084 /* Assets.xcassets in Resources */,
				257F605022AF5CE600BC2084 /* Main.storyboard in Resources */,
			);
			runOnlyForDeploymentPostprocessing = 0;
		};
		257F605922AF5CE700BC2084 /* Resources */ = {
			isa = PBXResourcesBuildPhase;
			buildActionMask = 2147483647;
			files = (
			);
			runOnlyForDeploymentPostprocessing = 0;
		};
		257F606422AF5CE700BC2084 /* Resources */ = {
			isa = PBXResourcesBuildPhase;
			buildActionMask = 2147483647;
			files = (
			);
			runOnlyForDeploymentPostprocessing = 0;
		};
/* End PBXResourcesBuildPhase section */

/* Begin PBXSourcesBuildPhase section */
		257F604322AF5CE600BC2084 /* Sources */ = {
			isa = PBXSourcesBuildPhase;
			buildActionMask = 2147483647;
			files = (
				257F604D22AF5CE600BC2084 /* ViewController.swift in Sources */,
				257F604B22AF5CE600BC2084 /* AppDelegate.swift in Sources */,
			);
			runOnlyForDeploymentPostprocessing = 0;
		};
		257F605722AF5CE700BC2084 /* Sources */ = {
			isa = PBXSourcesBuildPhase;
			buildActionMask = 2147483647;
			files = (
				257F606022AF5CE700BC2084 /* TestingTests.swift in Sources */,
			);
			runOnlyForDeploymentPostprocessing = 0;
		};
		257F606222AF5CE700BC2084 /* Sources */ = {
			isa = PBXSourcesBuildPhase;
			buildActionMask = 2147483647;
			files = (
				257F606B22AF5CE700BC2084 /* TestingUITests.swift in Sources */,
			);
			runOnlyForDeploymentPostprocessing = 0;
		};
/* End PBXSourcesBuildPhase section */

/* Begin PBXTargetDependency section */
		257F605D22AF5CE700BC2084 /* PBXTargetDependency */ = {
			isa = PBXTargetDependency;
			target = 257F604622AF5CE600BC2084 /* Testing */;
			targetProxy = 257F605C22AF5CE700BC2084 /* PBXContainerItemProxy */;
		};
		257F606822AF5CE700BC2084 /* PBXTargetDependency */ = {
			isa = PBXTargetDependency;
			target = 257F604622AF5CE600BC2084 /* Testing */;
			targetProxy = 257F606722AF5CE700BC2084 /* PBXContainerItemProxy */;
		};
/* End PBXTargetDependency section */

/* Begin PBXVariantGroup section */
		257F604E22AF5CE600BC2084 /* Main.storyboard */ = {
			isa = PBXVariantGroup;
			children = (
				257F604F22AF5CE600BC2084 /* Base */,
			);
			name = Main.storyboard;
			sourceTree = "<group>";
		};
		257F605322AF5CE700BC2084 /* LaunchScreen.storyboard */ = {
			isa = PBXVariantGroup;
			children = (
				257F605422AF5CE700BC2084 /* Base */,
			);
			name = LaunchScreen.storyboard;
			sourceTree = "<group>";
		};
/* End PBXVariantGroup section */

/* Begin XCBuildConfiguration section */
		257F606D22AF5CE700BC2084 /* Debug */ = {
			isa = XCBuildConfiguration;
			buildSettings = {
				ALWAYS_SEARCH_USER_PATHS = NO;
				CLANG_ANALYZER_NONNULL = YES;
				CLANG_ANALYZER_NUMBER_OBJECT_CONVERSION = YES_AGGRESSIVE;
				CLANG_CXX_LANGUAGE_STANDARD = "gnu++14";
				CLANG_CXX_LIBRARY = "libc++";
				CLANG_ENABLE_MODULES = YES;
				CLANG_ENABLE_OBJC_ARC = YES;
				CLANG_ENABLE_OBJC_WEAK = YES;
				CLANG_WARN_BLOCK_CAPTURE_AUTORELEASING = YES;
				CLANG_WARN_BOOL_CONVERSION = YES;
				CLANG_WARN_COMMA = YES;
				CLANG_WARN_CONSTANT_CONVERSION = YES;
				CLANG_WARN_DEPRECATED_OBJC_IMPLEMENTATIONS = YES;
				CLANG_WARN_DIRECT_OBJC_ISA_USAGE = YES_ERROR;
				CLANG_WARN_DOCUMENTATION_COMMENTS = YES;
				CLANG_WARN_EMPTY_BODY = YES;
				CLANG_WARN_ENUM_CONVERSION = YES;
				CLANG_WARN_INFINITE_RECURSION = YES;
				CLANG_WARN_INT_CONVERSION = YES;
				CLANG_WARN_NON_LITERAL_NULL_CONVERSION = YES;
				CLANG_WARN_OBJC_IMPLICIT_RETAIN_SELF = YES;
				CLANG_WARN_OBJC_LITERAL_CONVERSION = YES;
				CLANG_WARN_OBJC_ROOT_CLASS = YES_ERROR;
				CLANG_WARN_RANGE_LOOP_ANALYSIS = YES;
				CLANG_WARN_STRICT_PROTOTYPES = YES;
				CLANG_WARN_SUSPICIOUS_MOVE = YES;
				CLANG_WARN_UNGUARDED_AVAILABILITY = YES_AGGRESSIVE;
				CLANG_WARN_UNREACHABLE_CODE = YES;
				CLANG_WARN__DUPLICATE_METHOD_MATCH = YES;
				CODE_SIGN_IDENTITY = "iPhone Developer";
				COPY_PHASE_STRIP = NO;
				DEBUG_INFORMATION_FORMAT = dwarf;
				ENABLE_STRICT_OBJC_MSGSEND = YES;
				ENABLE_TESTABILITY = YES;
				GCC_C_LANGUAGE_STANDARD = gnu11;
				GCC_DYNAMIC_NO_PIC = NO;
				GCC_NO_COMMON_BLOCKS = YES;
				GCC_OPTIMIZATION_LEVEL = 0;
				GCC_PREPROCESSOR_DEFINITIONS = (
					"DEBUG=1",
					"$(inherited)",
				);
				GCC_WARN_64_TO_32_BIT_CONVERSION = YES;
				GCC_WARN_ABOUT_RETURN_TYPE = YES_ERROR;
				GCC_WARN_UNDECLARED_SELECTOR = YES;
				GCC_WARN_UNINITIALIZED_AUTOS = YES_AGGRESSIVE;
				GCC_WARN_UNUSED_FUNCTION = YES;
				GCC_WARN_UNUSED_VARIABLE = YES;
				IPHONEOS_DEPLOYMENT_TARGET = 12.2;
				MTL_ENABLE_DEBUG_INFO = INCLUDE_SOURCE;
				MTL_FAST_MATH = YES;
				ONLY_ACTIVE_ARCH = YES;
				SDKROOT = iphoneos;
				SWIFT_ACTIVE_COMPILATION_CONDITIONS = DEBUG;
				SWIFT_OPTIMIZATION_LEVEL = "-Onone";
			};
			name = Debug;
		};
		257F606E22AF5CE700BC2084 /* Release */ = {
			isa = XCBuildConfiguration;
			buildSettings = {
				ALWAYS_SEARCH_USER_PATHS = NO;
				CLANG_ANALYZER_NONNULL = YES;
				CLANG_ANALYZER_NUMBER_OBJECT_CONVERSION = YES_AGGRESSIVE;
				CLANG_CXX_LANGUAGE_STANDARD = "gnu++14";
				CLANG_CXX_LIBRARY = "libc++";
				CLANG_ENABLE_MODULES = YES;
				CLANG_ENABLE_OBJC_ARC = YES;
				CLANG_ENABLE_OBJC_WEAK = YES;
				CLANG_WARN_BLOCK_CAPTURE_AUTORELEASING = YES;
				CLANG_WARN_BOOL_CONVERSION = YES;
				CLANG_WARN_COMMA = YES;
				CLANG_WARN_CONSTANT_CONVERSION = YES;
				CLANG_WARN_DEPRECATED_OBJC_IMPLEMENTATIONS = YES;
				CLANG_WARN_DIRECT_OBJC_ISA_USAGE = YES_ERROR;
				CLANG_WARN_DOCUMENTATION_COMMENTS = YES;
				CLANG_WARN_EMPTY_BODY = YES;
				CLANG_WARN_ENUM_CONVERSION = YES;
				CLANG_WARN_INFINITE_RECURSION = YES;
				CLANG_WARN_INT_CONVERSION = YES;
				CLANG_WARN_NON_LITERAL_NULL_CONVERSION = YES;
				CLANG_WARN_OBJC_IMPLICIT_RETAIN_SELF = YES;
				CLANG_WARN_OBJC_LITERAL_CONVERSION = YES;
				CLANG_WARN_OBJC_ROOT_CLASS = YES_ERROR;
				CLANG_WARN_RANGE_LOOP_ANALYSIS = YES;
				CLANG_WARN_STRICT_PROTOTYPES = YES;
				CLANG_WARN_SUSPICIOUS_MOVE = YES;
				CLANG_WARN_UNGUARDED_AVAILABILITY = YES_AGGRESSIVE;
				CLANG_WARN_UNREACHABLE_CODE = YES;
				CLANG_WARN__DUPLICATE_METHOD_MATCH = YES;
				CODE_SIGN_IDENTITY = "iPhone Developer";
				COPY_PHASE_STRIP = NO;
				DEBUG_INFORMATION_FORMAT = "dwarf-with-dsym";
				ENABLE_NS_ASSERTIONS = NO;
				ENABLE_STRICT_OBJC_MSGSEND = YES;
				GCC_C_LANGUAGE_STANDARD = gnu11;
				GCC_NO_COMMON_BLOCKS = YES;
				GCC_WARN_64_TO_32_BIT_CONVERSION = YES;
				GCC_WARN_ABOUT_RETURN_TYPE = YES_ERROR;
				GCC_WARN_UNDECLARED_SELECTOR = YES;
				GCC_WARN_UNINITIALIZED_AUTOS = YES_AGGRESSIVE;
				GCC_WARN_UNUSED_FUNCTION = YES;
				GCC_WARN_UNUSED_VARIABLE = YES;
				IPHONEOS_DEPLOYMENT_TARGET = 12.2;
				MTL_ENABLE_DEBUG_INFO = NO;
				MTL_FAST_MATH = YES;
				SDKROOT = iphoneos;
				SWIFT_COMPILATION_MODE = wholemodule;
				SWIFT_OPTIMIZATION_LEVEL = "-O";
				VALIDATE_PRODUCT = YES;
			};
			name = Release;
		};
		257F607022AF5CE700BC2084 /* Debug */ = {
			isa = XCBuildConfiguration;
			buildSettings = {
				ASSETCATALOG_COMPILER_APPICON_NAME = AppIcon;
				CODE_SIGN_STYLE = Automatic;
				INFOPLIST_FILE = Testing/Info.plist;
				LD_RUNPATH_SEARCH_PATHS = (
					"$(inherited)",
					"@executable_path/Frameworks",
				);
				PRODUCT_BUNDLE_IDENTIFIER = com.test.Testing;
				PRODUCT_NAME = "$(TARGET_NAME)";
				SWIFT_VERSION = 5.0;
				TARGETED_DEVICE_FAMILY = "1,2";
			};
			name = Debug;
		};
		257F607122AF5CE700BC2084 /* Release */ = {
			isa = XCBuildConfiguration;
			buildSettings = {
				ASSETCATALOG_COMPILER_APPICON_NAME = AppIcon;
				CODE_SIGN_STYLE = Automatic;
				INFOPLIST_FILE = Testing/Info.plist;
				LD_RUNPATH_SEARCH_PATHS = (
					"$(inherited)",
					"@executable_path/Frameworks",
				);
				PRODUCT_BUNDLE_IDENTIFIER = com.test.Testing;
				PRODUCT_NAME = "$(TARGET_NAME)";
				SWIFT_VERSION = 5.0;
				TARGETED_DEVICE_FAMILY = "1,2";
			};
			name = Release;
		};
		257F607322AF5CE700BC2084 /* Debug */ = {
			isa = XCBuildConfiguration;
			buildSettings = {
				ALWAYS_EMBED_SWIFT_STANDARD_LIBRARIES = YES;
				BUNDLE_LOADER = "$(TEST_HOST)";
				CODE_SIGN_STYLE = Automatic;
				INFOPLIST_FILE = TestingTests/Info.plist;
				LD_RUNPATH_SEARCH_PATHS = (
					"$(inherited)",
					"@executable_path/Frameworks",
					"@loader_path/Frameworks",
				);
				PRODUCT_BUNDLE_IDENTIFIER = com.test.TestingTests;
				PRODUCT_NAME = "$(TARGET_NAME)";
				SWIFT_VERSION = 5.0;
				TARGETED_DEVICE_FAMILY = "1,2";
				TEST_HOST = "$(BUILT_PRODUCTS_DIR)/Testing.app/Testing";
			};
			name = Debug;
		};
		257F607422AF5CE700BC2084 /* Release */ = {
			isa = XCBuildConfiguration;
			buildSettings = {
				ALWAYS_EMBED_SWIFT_STANDARD_LIBRARIES = YES;
				BUNDLE_LOADER = "$(TEST_HOST)";
				CODE_SIGN_STYLE = Automatic;
				INFOPLIST_FILE = TestingTests/Info.plist;
				LD_RUNPATH_SEARCH_PATHS = (
					"$(inherited)",
					"@executable_path/Frameworks",
					"@loader_path/Frameworks",
				);
				PRODUCT_BUNDLE_IDENTIFIER = com.test.TestingTests;
				PRODUCT_NAME = "$(TARGET_NAME)";
				SWIFT_VERSION = 5.0;
				TARGETED_DEVICE_FAMILY = "1,2";
				TEST_HOST = "$(BUILT_PRODUCTS_DIR)/Testing.app/Testing";
			};
			name = Release;
		};
		257F607622AF5CE700BC2084 /* Debug */ = {
			isa = XCBuildConfiguration;
			buildSettings = {
				ALWAYS_EMBED_SWIFT_STANDARD_LIBRARIES = YES;
				CODE_SIGN_STYLE = Automatic;
				INFOPLIST_FILE = TestingUITests/Info.plist;
				LD_RUNPATH_SEARCH_PATHS = (
					"$(inherited)",
					"@executable_path/Frameworks",
					"@loader_path/Frameworks",
				);
				PRODUCT_BUNDLE_IDENTIFIER = com.test.TestingUITests;
				PRODUCT_NAME = "$(TARGET_NAME)";
				SWIFT_VERSION = 5.0;
				TARGETED_DEVICE_FAMILY = "1,2";
				TEST_TARGET_NAME = Testing;
			};
			name = Debug;
		};
		257F607722AF5CE700BC2084 /* Release */ = {
			isa = XCBuildConfiguration;
			buildSettings = {
				ALWAYS_EMBED_SWIFT_STANDARD_LIBRARIES = YES;
				CODE_SIGN_STYLE = Automatic;
				INFOPLIST_FILE = TestingUITests/Info.plist;
				LD_RUNPATH_SEARCH_PATHS = (
					"$(inherited)",
					"@executable_path/Frameworks",
					"@loader_path/Frameworks",
				);
				PRODUCT_BUNDLE_IDENTIFIER = com.test.TestingUITests;
				PRODUCT_NAME = "$(TARGET_NAME)";
				SWIFT_VERSION = 5.0;
				TARGETED_DEVICE_FAMILY = "1,2";
				TEST_TARGET_NAME = Testing;
			};
			name = Release;
		};
/* End XCBuildConfiguration section */

/* Begin XCConfigurationList section */
		257F604222AF5CE500BC2084 /* Build configuration list for PBXProject "Testing" */ = {
			isa = XCConfigurationList;
			buildConfigurations = (
				257F606D22AF5CE700BC2084 /* Debug */,
				257F606E22AF5CE700BC2084 /* Release */,
			);
			defaultConfigurationIsVisible = 0;
			defaultConfigurationName = Release;
		};
		257F606F22AF5CE700BC2084 /* Build configuration list for PBXNativeTarget "Testing" */ = {
			isa = XCConfigurationList;
			buildConfigurations = (
				257F607022AF5CE700BC2084 /* Debug */,
				257F607122AF5CE700BC2084 /* Release */,
			);
			defaultConfigurationIsVisible = 0;
			defaultConfigurationName = Release;
		};
		257F607222AF5CE700BC2084 /* Build configuration list for PBXNativeTarget "TestingTests" */ = {
			isa = XCConfigurationList;
			buildConfigurations = (
				257F607322AF5CE700BC2084 /* Debug */,
				257F607422AF5CE700BC2084 /* Release */,
			);
			defaultConfigurationIsVisible = 0;
			defaultConfigurationName = Release;
		};
		257F607522AF5CE700BC2084 /* Build configuration list for PBXNativeTarget "TestingUITests" */ = {
			isa = XCConfigurationList;
			buildConfigurations = (
				257F607622AF5CE700BC2084 /* Debug */,
				257F607722AF5CE700BC2084 /* Release */,
			);
			defaultConfigurationIsVisible = 0;
			defaultConfigurationName = Release;
		};
/* End XCConfigurationList section */
	};
	rootObject = 257F603F22AF5CE500BC2084 /* Project object */;
}
